schema: '2.0'
stages:
  data_preprocessing:
    cmd: python src/data_preprocessing.py
    deps:
    - path: data/raw/diamonds.csv
      hash: md5
      md5: bb67f2679c70a62b35220f7e90a6174a
      size: 3192560
    - path: src/data_preprocessing.py
      hash: md5
      md5: 6054d7932844760078a879fbebccb77b
      size: 2763
    outs:
    - path: data/interim
      hash: md5
      md5: d7cca3865ed7ac2cd4fd085485e077c6.dir
      size: 2617286
      nfiles: 1
  feature_engineering:
    cmd: python src/feature_engineering.py
    deps:
    - path: data/interim
      hash: md5
      md5: d7cca3865ed7ac2cd4fd085485e077c6.dir
      size: 2617286
      nfiles: 1
    - path: src/feature_engineering.py
      hash: md5
      md5: 2c8f27d5fcdb449575a7dc3e16031d85
      size: 2464
    outs:
    - path: data/processed_data
      hash: md5
      md5: 863031745d27c05dfb711c4980e6640e.dir
      size: 6957054
      nfiles: 1
  model_building:
    cmd: python src/model_building.py
    deps:
    - path: data/processed_data
      hash: md5
      md5: 863031745d27c05dfb711c4980e6640e.dir
      size: 6957054
      nfiles: 1
    - path: src/model_building.py
      hash: md5
      md5: e3a471d93a54de6657c27bafddafd8f9
      size: 3910
    outs:
    - path: model/model.pkl
      hash: md5
      md5: dfd77fa60e70144024bba6363d5200fa
      size: 809781
  model_evaluation:
    cmd: python src/model_evaluation.py
    deps:
    - path: model/model.pkl
      hash: md5
      md5: dfd77fa60e70144024bba6363d5200fa
      size: 809781
    - path: src/model_evaluation.py
      hash: md5
      md5: 86ca8b3196f8ef7d18f7a1ca7af1d83d
      size: 3751
    outs:
    - path: reports/metrics.json
      hash: md5
      md5: 1294536d84f5addd5318554198445670
      size: 87
